// !$*UTF8*$!
{
	archiveVersion = 1;
	classes = {
	};
	objectVersion = 46;
	objects = {

/* Begin PBXBuildFile section */
		7781CC3B1BCFB09700E368DF /* main.m in Sources */ = {isa = PBXBuildFile; fileRef = 7781CC3A1BCFB09700E368DF /* main.m */; };
		7781CC3E1BCFB09700E368DF /* AppDelegate.m in Sources */ = {isa = PBXBuildFile; fileRef = 7781CC3D1BCFB09700E368DF /* AppDelegate.m */; };
		7781CC411BCFB09700E368DF /* ViewController.m in Sources */ = {isa = PBXBuildFile; fileRef = 7781CC401BCFB09700E368DF /* ViewController.m */; };
		7781CC441BCFB09700E368DF /* Main.storyboard in Resources */ = {isa = PBXBuildFile; fileRef = 7781CC421BCFB09700E368DF /* Main.storyboard */; };
		7781CC461BCFB09700E368DF /* Assets.xcassets in Resources */ = {isa = PBXBuildFile; fileRef = 7781CC451BCFB09700E368DF /* Assets.xcassets */; };
		7781CC491BCFB09700E368DF /* LaunchScreen.storyboard in Resources */ = {isa = PBXBuildFile; fileRef = 7781CC471BCFB09700E368DF /* LaunchScreen.storyboard */; };
		7781CC541BCFB09800E368DF /* LSPDemo2Tests.m in Sources */ = {isa = PBXBuildFile; fileRef = 7781CC531BCFB09800E368DF /* LSPDemo2Tests.m */; };
		7781CC5F1BCFB09800E368DF /* LSPDemo2UITests.m in Sources */ = {isa = PBXBuildFile; fileRef = 7781CC5E1BCFB09800E368DF /* LSPDemo2UITests.m */; };
		7781CC721BCFB0CA00E368DF /* ChildRifle.m in Sources */ = {isa = PBXBuildFile; fileRef = 7781CC6C1BCFB0CA00E368DF /* ChildRifle.m */; settings = {ASSET_TAGS = (); }; };
		7781CC731BCFB0CA00E368DF /* ChildMachineGun.m in Sources */ = {isa = PBXBuildFile; fileRef = 7781CC6E1BCFB0CA00E368DF /* ChildMachineGun.m */; settings = {ASSET_TAGS = (); }; };
		7781CC741BCFB0CA00E368DF /* ChildHandgun.m in Sources */ = {isa = PBXBuildFile; fileRef = 7781CC701BCFB0CA00E368DF /* ChildHandgun.m */; settings = {ASSET_TAGS = (); }; };
		7781CC7C1BCFB15400E368DF /* ABaseGun.m in Sources */ = {isa = PBXBuildFile; fileRef = 7781CC7A1BCFB15400E368DF /* ABaseGun.m */; settings = {ASSET_TAGS = (); }; };
		7781CC801BCFB1BE00E368DF /* Soldier.m in Sources */ = {isa = PBXBuildFile; fileRef = 7781CC7F1BCFB1BE00E368DF /* Soldier.m */; settings = {ASSET_TAGS = (); }; };
/* End PBXBuildFile section */

/* Begin PBXContainerItemProxy section */
		7781CC501BCFB09800E368DF /* PBXContainerItemProxy */ = {
			isa = PBXContainerItemProxy;
			containerPortal = 7781CC2E1BCFB09700E368DF /* Project object */;
			proxyType = 1;
			remoteGlobalIDString = 7781CC351BCFB09700E368DF;
			remoteInfo = LSPDemo2;
		};
		7781CC5B1BCFB09800E368DF /* PBXContainerItemProxy */ = {
			isa = PBXContainerItemProxy;
			containerPortal = 7781CC2E1BCFB09700E368DF /* Project object */;
			proxyType = 1;
			remoteGlobalIDString = 7781CC351BCFB09700E368DF;
			remoteInfo = LSPDemo2;
		};
/* End PBXContainerItemProxy section */

/* Begin PBXFileReference section */
		7781CC361BCFB09700E368DF /* LSPDemo2.app */ = {isa = PBXFileReference; explicitFileType = wrapper.application; includeInIndex = 0; path = LSPDemo2.app; sourceTree = BUILT_PRODUCTS_DIR; };
		7781CC3A1BCFB09700E368DF /* main.m */ = {isa = PBXFileReference; lastKnownFileType = sourcecode.c.objc; path = main.m; sourceTree = "<group>"; };
		7781CC3C1BCFB09700E368DF /* AppDelegate.h */ = {isa = PBXFileReference; lastKnownFileType = sourcecode.c.h; path = AppDelegate.h; sourceTree = "<group>"; };
		7781CC3D1BCFB09700E368DF /* AppDelegate.m */ = {isa = PBXFileReference; lastKnownFileType = sourcecode.c.objc; path = AppDelegate.m; sourceTree = "<group>"; };
		7781CC3F1BCFB09700E368DF /* ViewController.h */ = {isa = PBXFileReference; lastKnownFileType = sourcecode.c.h; path = ViewController.h; sourceTree = "<group>"; };
		7781CC401BCFB09700E368DF /* ViewController.m */ = {isa = PBXFileReference; lastKnownFileType = sourcecode.c.objc; path = ViewController.m; sourceTree = "<group>"; };
		7781CC431BCFB09700E368DF /* Base */ = {isa = PBXFileReference; lastKnownFileType = file.storyboard; name = Base; path = Base.lproj/Main.storyboard; sourceTree = "<group>"; };
		7781CC451BCFB09700E368DF /* Assets.xcassets */ = {isa = PBXFileReference; lastKnownFileType = folder.assetcatalog; path = Assets.xcassets; sourceTree = "<group>"; };
		7781CC481BCFB09700E368DF /* Base */ = {isa = PBXFileReference; lastKnownFileType = file.storyboard; name = Base; path = Base.lproj/LaunchScreen.storyboard; sourceTree = "<group>"; };
		7781CC4A1BCFB09700E368DF /* Info.plist */ = {isa = PBXFileReference; lastKnownFileType = text.plist.xml; path = Info.plist; sourceTree = "<group>"; };
		7781CC4F1BCFB09800E368DF /* LSPDemo2Tests.xctest */ = {isa = PBXFileReference; explicitFileType = wrapper.cfbundle; includeInIndex = 0; path = LSPDemo2Tests.xctest; sourceTree = BUILT_PRODUCTS_DIR; };
		7781CC531BCFB09800E368DF /* LSPDemo2Tests.m */ = {isa = PBXFileReference; lastKnownFileType = sourcecode.c.objc; path = LSPDemo2Tests.m; sourceTree = "<group>"; };
		7781CC551BCFB09800E368DF /* Info.plist */ = {isa = PBXFileReference; lastKnownFileType = text.plist.xml; path = Info.plist; sourceTree = "<group>"; };
		7781CC5A1BCFB09800E368DF /* LSPDemo2UITests.xctest */ = {isa = PBXFileReference; explicitFileType = wrapper.cfbundle; includeInIndex = 0; path = LSPDemo2UITests.xctest; sourceTree = BUILT_PRODUCTS_DIR; };
		7781CC5E1BCFB09800E368DF /* LSPDemo2UITests.m */ = {isa = PBXFileReference; lastKnownFileType = sourcecode.c.objc; path = LSPDemo2UITests.m; sourceTree = "<group>"; };
		7781CC601BCFB09800E368DF /* Info.plist */ = {isa = PBXFileReference; lastKnownFileType = text.plist.xml; path = Info.plist; sourceTree = "<group>"; };
		7781CC6C1BCFB0CA00E368DF /* ChildRifle.m */ = {isa = PBXFileReference; fileEncoding = 4; lastKnownFileType = sourcecode.c.objc; path = ChildRifle.m; sourceTree = "<group>"; };
		7781CC6D1BCFB0CA00E368DF /* ChildRifle.h */ = {isa = PBXFileReference; fileEncoding = 4; lastKnownFileType = sourcecode.c.h; path = ChildRifle.h; sourceTree = "<group>"; };
		7781CC6E1BCFB0CA00E368DF /* ChildMachineGun.m */ = {isa = PBXFileReference; fileEncoding = 4; lastKnownFileType = sourcecode.c.objc; path = ChildMachineGun.m; sourceTree = "<group>"; };
		7781CC6F1BCFB0CA00E368DF /* ChildMachineGun.h */ = {isa = PBXFileReference; fileEncoding = 4; lastKnownFileType = sourcecode.c.h; path = ChildMachineGun.h; sourceTree = "<group>"; };
		7781CC701BCFB0CA00E368DF /* ChildHandgun.m */ = {isa = PBXFileReference; fileEncoding = 4; lastKnownFileType = sourcecode.c.objc; path = ChildHandgun.m; sourceTree = "<group>"; };
		7781CC711BCFB0CA00E368DF /* ChildHandgun.h */ = {isa = PBXFileReference; fileEncoding = 4; lastKnownFileType = sourcecode.c.h; path = ChildHandgun.h; sourceTree = "<group>"; };
		7781CC7A1BCFB15400E368DF /* ABaseGun.m */ = {isa = PBXFileReference; fileEncoding = 4; lastKnownFileType = sourcecode.c.objc; path = ABaseGun.m; sourceTree = "<group>"; };
		7781CC7B1BCFB15400E368DF /* ABaseGun.h */ = {isa = PBXFileReference; fileEncoding = 4; lastKnownFileType = sourcecode.c.h; path = ABaseGun.h; sourceTree = "<group>"; };
		7781CC7E1BCFB1BE00E368DF /* Soldier.h */ = {isa = PBXFileReference; fileEncoding = 4; lastKnownFileType = sourcecode.c.h; path = Soldier.h; sourceTree = "<group>"; };
		7781CC7F1BCFB1BE00E368DF /* Soldier.m */ = {isa = PBXFileReference; fileEncoding = 4; lastKnownFileType = sourcecode.c.objc; path = Soldier.m; sourceTree = "<group>"; };
/* End PBXFileReference section */

/* Begin PBXFrameworksBuildPhase section */
		7781CC331BCFB09700E368DF /* Frameworks */ = {
			isa = PBXFrameworksBuildPhase;
			buildActionMask = 2147483647;
			files = (
			);
			runOnlyForDeploymentPostprocessing = 0;
		};
		7781CC4C1BCFB09800E368DF /* Frameworks */ = {
			isa = PBXFrameworksBuildPhase;
			buildActionMask = 2147483647;
			files = (
			);
			runOnlyForDeploymentPostprocessing = 0;
		};
		7781CC571BCFB09800E368DF /* Frameworks */ = {
			isa = PBXFrameworksBuildPhase;
			buildActionMask = 2147483647;
			files = (
			);
			runOnlyForDeploymentPostprocessing = 0;
		};
/* End PBXFrameworksBuildPhase section */

/* Begin PBXGroup section */
		7781CC2D1BCFB09700E368DF = {
			isa = PBXGroup;
			children = (
				7781CC381BCFB09700E368DF /* LSPDemo2 */,
				7781CC521BCFB09800E368DF /* LSPDemo2Tests */,
				7781CC5D1BCFB09800E368DF /* LSPDemo2UITests */,
				7781CC371BCFB09700E368DF /* Products */,
			);
			sourceTree = "<group>";
		};
		7781CC371BCFB09700E368DF /* Products */ = {
			isa = PBXGroup;
			children = (
				7781CC361BCFB09700E368DF /* LSPDemo2.app */,
				7781CC4F1BCFB09800E368DF /* LSPDemo2Tests.xctest */,
				7781CC5A1BCFB09800E368DF /* LSPDemo2UITests.xctest */,
			);
			name = Products;
			sourceTree = "<group>";
		};
		7781CC381BCFB09700E368DF /* LSPDemo2 */ = {
			isa = PBXGroup;
			children = (
				7781CC7D1BCFB1B600E368DF /* ctr */,
				7781CC761BCFB12300E368DF /* father */,
				7781CC751BCFB0CF00E368DF /* child */,
				7781CC3C1BCFB09700E368DF /* AppDelegate.h */,
				7781CC3D1BCFB09700E368DF /* AppDelegate.m */,
				7781CC3F1BCFB09700E368DF /* ViewController.h */,
				7781CC401BCFB09700E368DF /* ViewController.m */,
				7781CC421BCFB09700E368DF /* Main.storyboard */,
				7781CC451BCFB09700E368DF /* Assets.xcassets */,
				7781CC471BCFB09700E368DF /* LaunchScreen.storyboard */,
				7781CC4A1BCFB09700E368DF /* Info.plist */,
				7781CC391BCFB09700E368DF /* Supporting Files */,
			);
			path = LSPDemo2;
			sourceTree = "<group>";
		};
		7781CC391BCFB09700E368DF /* Supporting Files */ = {
			isa = PBXGroup;
			children = (
				7781CC3A1BCFB09700E368DF /* main.m */,
			);
			name = "Supporting Files";
			sourceTree = "<group>";
		};
		7781CC521BCFB09800E368DF /* LSPDemo2Tests */ = {
			isa = PBXGroup;
			children = (
				7781CC531BCFB09800E368DF /* LSPDemo2Tests.m */,
				7781CC551BCFB09800E368DF /* Info.plist */,
			);
			path = LSPDemo2Tests;
			sourceTree = "<group>";
		};
		7781CC5D1BCFB09800E368DF /* LSPDemo2UITests */ = {
			isa = PBXGroup;
			children = (
				7781CC5E1BCFB09800E368DF /* LSPDemo2UITests.m */,
				7781CC601BCFB09800E368DF /* Info.plist */,
			);
			path = LSPDemo2UITests;
			sourceTree = "<group>";
		};
		7781CC751BCFB0CF00E368DF /* child */ = {
			isa = PBXGroup;
			children = (
				7781CC6C1BCFB0CA00E368DF /* ChildRifle.m */,
				7781CC6D1BCFB0CA00E368DF /* ChildRifle.h */,
				7781CC6E1BCFB0CA00E368DF /* ChildMachineGun.m */,
				7781CC6F1BCFB0CA00E368DF /* ChildMachineGun.h */,
				7781CC701BCFB0CA00E368DF /* ChildHandgun.m */,
				7781CC711BCFB0CA00E368DF /* ChildHandgun.h */,
			);
			name = child;
			sourceTree = "<group>";
		};
		7781CC761BCFB12300E368DF /* father */ = {
			isa = PBXGroup;
			children = (
				7781CC7A1BCFB15400E368DF /* ABaseGun.m */,
				7781CC7B1BCFB15400E368DF /* ABaseGun.h */,
			);
			name = father;
			sourceTree = "<group>";
		};
		7781CC7D1BCFB1B600E368DF /* ctr */ = {
			isa = PBXGroup;
			children = (
				7781CC7E1BCFB1BE00E368DF /* Soldier.h */,
				7781CC7F1BCFB1BE00E368DF /* Soldier.m */,
			);
			name = ctr;
			sourceTree = "<group>";
		};
/* End PBXGroup section */

/* Begin PBXNativeTarget section */
		7781CC351BCFB09700E368DF /* LSPDemo2 */ = {
			isa = PBXNativeTarget;
			buildConfigurationList = 7781CC631BCFB09800E368DF /* Build configuration list for PBXNativeTarget "LSPDemo2" */;
			buildPhases = (
				7781CC321BCFB09700E368DF /* Sources */,
				7781CC331BCFB09700E368DF /* Frameworks */,
				7781CC341BCFB09700E368DF /* Resources */,
			);
			buildRules = (
			);
			dependencies = (
			);
			name = LSPDemo2;
			productName = LSPDemo2;
			productReference = 7781CC361BCFB09700E368DF /* LSPDemo2.app */;
			productType = "com.apple.product-type.application";
		};
		7781CC4E1BCFB09800E368DF /* LSPDemo2Tests */ = {
			isa = PBXNativeTarget;
			buildConfigurationList = 7781CC661BCFB09800E368DF /* Build configuration list for PBXNativeTarget "LSPDemo2Tests" */;
			buildPhases = (
				7781CC4B1BCFB09800E368DF /* Sources */,
				7781CC4C1BCFB09800E368DF /* Frameworks */,
				7781CC4D1BCFB09800E368DF /* Resources */,
			);
			buildRules = (
			);
			dependencies = (
				7781CC511BCFB09800E368DF /* PBXTargetDependency */,
			);
			name = LSPDemo2Tests;
			productName = LSPDemo2Tests;
			productReference = 7781CC4F1BCFB09800E368DF /* LSPDemo2Tests.xctest */;
			productType = "com.apple.product-type.bundle.unit-test";
		};
		7781CC591BCFB09800E368DF /* LSPDemo2UITests */ = {
			isa = PBXNativeTarget;
			buildConfigurationList = 7781CC691BCFB09800E368DF /* Build configuration list for PBXNativeTarget "LSPDemo2UITests" */;
			buildPhases = (
				7781CC561BCFB09800E368DF /* Sources */,
				7781CC571BCFB09800E368DF /* Frameworks */,
				7781CC581BCFB09800E368DF /* Resources */,
			);
			buildRules = (
			);
			dependencies = (
				7781CC5C1BCFB09800E368DF /* PBXTargetDependency */,
			);
			name = LSPDemo2UITests;
			productName = LSPDemo2UITests;
			productReference = 7781CC5A1BCFB09800E368DF /* LSPDemo2UITests.xctest */;
			productType = "com.apple.product-type.bundle.ui-testing";
		};
/* End PBXNativeTarget section */

/* Begin PBXProject section */
		7781CC2E1BCFB09700E368DF /* Project object */ = {
			isa = PBXProject;
			attributes = {
				LastUpgradeCheck = 0700;
				ORGANIZATIONNAME = hairong.chen;
				TargetAttributes = {
					7781CC351BCFB09700E368DF = {
						CreatedOnToolsVersion = 7.0;
					};
					7781CC4E1BCFB09800E368DF = {
						CreatedOnToolsVersion = 7.0;
						TestTargetID = 7781CC351BCFB09700E368DF;
					};
					7781CC591BCFB09800E368DF = {
						CreatedOnToolsVersion = 7.0;
						TestTargetID = 7781CC351BCFB09700E368DF;
					};
				};
			};
			buildConfigurationList = 7781CC311BCFB09700E368DF /* Build configuration list for PBXProject "LSPDemo2" */;
			compatibilityVersion = "Xcode 3.2";
			developmentRegion = English;
			hasScannedForEncodings = 0;
			knownRegions = (
				en,
				Base,
			);
			mainGroup = 7781CC2D1BCFB09700E368DF;
			productRefGroup = 7781CC371BCFB09700E368DF /* Products */;
			projectDirPath = "";
			projectRoot = "";
			targets = (
				7781CC351BCFB09700E368DF /* LSPDemo2 */,
				7781CC4E1BCFB09800E368DF /* LSPDemo2Tests */,
				7781CC591BCFB09800E368DF /* LSPDemo2UITests */,
			);
		};
/* End PBXProject section */

/* Begin PBXResourcesBuildPhase section */
		7781CC341BCFB09700E368DF /* Resources */ = {
			isa = PBXResourcesBuildPhase;
			buildActionMask = 2147483647;
			files = (
				7781CC491BCFB09700E368DF /* LaunchScreen.storyboard in Resources */,
				7781CC461BCFB09700E368DF /* Assets.xcassets in Resources */,
				7781CC441BCFB09700E368DF /* Main.storyboard in Resources */,
			);
			runOnlyForDeploymentPostprocessing = 0;
		};
		7781CC4D1BCFB09800E368DF /* Resources */ = {
			isa = PBXResourcesBuildPhase;
			buildActionMask = 2147483647;
			files = (
			);
			runOnlyForDeploymentPostprocessing = 0;
		};
		7781CC581BCFB09800E368DF /* Resources */ = {
			isa = PBXResourcesBuildPhase;
			buildActionMask = 2147483647;
			files = (
			);
			runOnlyForDeploymentPostprocessing = 0;
		};
/* End PBXResourcesBuildPhase section */

/* Begin PBXSourcesBuildPhase section */
		7781CC321BCFB09700E368DF /* Sources */ = {
			isa = PBXSourcesBuildPhase;
			buildActionMask = 2147483647;
			files = (
				7781CC411BCFB09700E368DF /* ViewController.m in Sources */,
				7781CC721BCFB0CA00E368DF /* ChildRifle.m in Sources */,
				7781CC7C1BCFB15400E368DF /* ABaseGun.m in Sources */,
				7781CC741BCFB0CA00E368DF /* ChildHandgun.m in Sources */,
				7781CC3E1BCFB09700E368DF /* AppDelegate.m in Sources */,
				7781CC731BCFB0CA00E368DF /* ChildMachineGun.m in Sources */,
				7781CC801BCFB1BE00E368DF /* Soldier.m in Sources */,
				7781CC3B1BCFB09700E368DF /* main.m in Sources */,
			);
			runOnlyForDeploymentPostprocessing = 0;
		};
		7781CC4B1BCFB09800E368DF /* Sources */ = {
			isa = PBXSourcesBuildPhase;
			buildActionMask = 2147483647;
			files = (
				7781CC541BCFB09800E368DF /* LSPDemo2Tests.m in Sources */,
			);
			runOnlyForDeploymentPostprocessing = 0;
		};
		7781CC561BCFB09800E368DF /* Sources */ = {
			isa = PBXSourcesBuildPhase;
			buildActionMask = 2147483647;
			files = (
				7781CC5F1BCFB09800E368DF /* LSPDemo2UITests.m in Sources */,
			);
			runOnlyForDeploymentPostprocessing = 0;
		};
/* End PBXSourcesBuildPhase section */

/* Begin PBXTargetDependency section */
		7781CC511BCFB09800E368DF /* PBXTargetDependency */ = {
			isa = PBXTargetDependency;
			target = 7781CC351BCFB09700E368DF /* LSPDemo2 */;
			targetProxy = 7781CC501BCFB09800E368DF /* PBXContainerItemProxy */;
		};
		7781CC5C1BCFB09800E368DF /* PBXTargetDependency */ = {
			isa = PBXTargetDependency;
			target = 7781CC351BCFB09700E368DF /* LSPDemo2 */;
			targetProxy = 7781CC5B1BCFB09800E368DF /* PBXContainerItemProxy */;
		};
/* End PBXTargetDependency section */

/* Begin PBXVariantGroup section */
		7781CC421BCFB09700E368DF /* Main.storyboard */ = {
			isa = PBXVariantGroup;
			children = (
				7781CC431BCFB09700E368DF /* Base */,
			);
			name = Main.storyboard;
			sourceTree = "<group>";
		};
		7781CC471BCFB09700E368DF /* LaunchScreen.storyboard */ = {
			isa = PBXVariantGroup;
			children = (
				7781CC481BCFB09700E368DF /* Base */,
			);
			name = LaunchScreen.storyboard;
			sourceTree = "<group>";
		};
/* End PBXVariantGroup section */

/* Begin XCBuildConfiguration section */
		7781CC611BCFB09800E368DF /* Debug */ = {
			isa = XCBuildConfiguration;
			buildSettings = {
				ALWAYS_SEARCH_USER_PATHS = NO;
				CLANG_CXX_LANGUAGE_STANDARD = "gnu++0x";
				CLANG_CXX_LIBRARY = "libc++";
				CLANG_ENABLE_MODULES = YES;
				CLANG_ENABLE_OBJC_ARC = YES;
				CLANG_WARN_BOOL_CONVERSION = YES;
				CLANG_WARN_CONSTANT_CONVERSION = YES;
				CLANG_WARN_DIRECT_OBJC_ISA_USAGE = YES_ERROR;
				CLANG_WARN_EMPTY_BODY = YES;
				CLANG_WARN_ENUM_CONVERSION = YES;
				CLANG_WARN_INT_CONVERSION = YES;
				CLANG_WARN_OBJC_ROOT_CLASS = YES_ERROR;
				CLANG_WARN_UNREACHABLE_CODE = YES;
				CLANG_WARN__DUPLICATE_METHOD_MATCH = YES;
				"CODE_SIGN_IDENTITY[sdk=iphoneos*]" = "iPhone Developer";
				COPY_PHASE_STRIP = NO;
				DEBUG_INFORMATION_FORMAT = dwarf;
				ENABLE_STRICT_OBJC_MSGSEND = YES;
				ENABLE_TESTABILITY = YES;
				GCC_C_LANGUAGE_STANDARD = gnu99;
				GCC_DYNAMIC_NO_PIC = NO;
				GCC_NO_COMMON_BLOCKS = YES;
				GCC_OPTIMIZATION_LEVEL = 0;
				GCC_PREPROCESSOR_DEFINITIONS = (
					"DEBUG=1",
					"$(inherited)",
				);
				GCC_WARN_64_TO_32_BIT_CONVERSION = YES;
				GCC_WARN_ABOUT_RETURN_TYPE = YES_ERROR;
				GCC_WARN_UNDECLARED_SELECTOR = YES;
				GCC_WARN_UNINITIALIZED_AUTOS = YES_AGGRESSIVE;
				GCC_WARN_UNUSED_FUNCTION = YES;
				GCC_WARN_UNUSED_VARIABLE = YES;
				IPHONEOS_DEPLOYMENT_TARGET = 9.0;
				MTL_ENABLE_DEBUG_INFO = YES;
				ONLY_ACTIVE_ARCH = YES;
				SDKROOT = iphoneos;
				TARGETED_DEVICE_FAMILY = "1,2";
			};
			name = Debug;
		};
		7781CC621BCFB09800E368DF /* Release */ = {
			isa = XCBuildConfiguration;
			buildSettings = {
				ALWAYS_SEARCH_USER_PATHS = NO;
				CLANG_CXX_LANGUAGE_STANDARD = "gnu++0x";
				CLANG_CXX_LIBRARY = "libc++";
				CLANG_ENABLE_MODULES = YES;
				CLANG_ENABLE_OBJC_ARC = YES;
				CLANG_WARN_BOOL_CONVERSION = YES;
				CLANG_WARN_CONSTANT_CONVERSION = YES;
				CLANG_WARN_DIRECT_OBJC_ISA_USAGE = YES_ERROR;
				CLANG_WARN_EMPTY_BODY = YES;
				CLANG_WARN_ENUM_CONVERSION = YES;
				CLANG_WARN_INT_CONVERSION = YES;
				CLANG_WARN_OBJC_ROOT_CLASS = YES_ERROR;
				CLANG_WARN_UNREACHABLE_CODE = YES;
				CLANG_WARN__DUPLICATE_METHOD_MATCH = YES;
				"CODE_SIGN_IDENTITY[sdk=iphoneos*]" = "iPhone Developer";
				COPY_PHASE_STRIP = NO;
				DEBUG_INFORMATION_FORMAT = "dwarf-with-dsym";
				ENABLE_NS_ASSERTIONS = NO;
				ENABLE_STRICT_OBJC_MSGSEND = YES;
				GCC_C_LANGUAGE_STANDARD = gnu99;
				GCC_NO_COMMON_BLOCKS = YES;
				GCC_WARN_64_TO_32_BIT_CONVERSION = YES;
				GCC_WARN_ABOUT_RETURN_TYPE = YES_ERROR;
				GCC_WARN_UNDECLARED_SELECTOR = YES;
				GCC_WARN_UNINITIALIZED_AUTOS = YES_AGGRESSIVE;
				GCC_WARN_UNUSED_FUNCTION = YES;
				GCC_WARN_UNUSED_VARIABLE = YES;
				IPHONEOS_DEPLOYMENT_TARGET = 9.0;
				MTL_ENABLE_DEBUG_INFO = NO;
				SDKROOT = iphoneos;
				TARGETED_DEVICE_FAMILY = "1,2";
				VALIDATE_PRODUCT = YES;
			};
			name = Release;
		};
		7781CC641BCFB09800E368DF /* Debug */ = {
			isa = XCBuildConfiguration;
			buildSettings = {
				ASSETCATALOG_COMPILER_APPICON_NAME = AppIcon;
				INFOPLIST_FILE = LSPDemo2/Info.plist;
				LD_RUNPATH_SEARCH_PATHS = "$(inherited) @executable_path/Frameworks";
				PRODUCT_BUNDLE_IDENTIFIER = times.ltd.LSPDemo2;
				PRODUCT_NAME = "$(TARGET_NAME)";
			};
			name = Debug;
		};
		7781CC651BCFB09800E368DF /* Release */ = {
			isa = XCBuildConfiguration;
			buildSettings = {
				ASSETCATALOG_COMPILER_APPICON_NAME = AppIcon;
				INFOPLIST_FILE = LSPDemo2/Info.plist;
				LD_RUNPATH_SEARCH_PATHS = "$(inherited) @executable_path/Frameworks";
				PRODUCT_BUNDLE_IDENTIFIER = times.ltd.LSPDemo2;
				PRODUCT_NAME = "$(TARGET_NAME)";
			};
			name = Release;
		};
		7781CC671BCFB09800E368DF /* Debug */ = {
			isa = XCBuildConfiguration;
			buildSettings = {
				BUNDLE_LOADER = "$(TEST_HOST)";
				INFOPLIST_FILE = LSPDemo2Tests/Info.plist;
				LD_RUNPATH_SEARCH_PATHS = "$(inherited) @executable_path/Frameworks @loader_path/Frameworks";
				PRODUCT_BUNDLE_IDENTIFIER = times.ltd.LSPDemo2Tests;
				PRODUCT_NAME = "$(TARGET_NAME)";
				TEST_HOST = "$(BUILT_PRODUCTS_DIR)/LSPDemo2.app/LSPDemo2";
			};
			name = Debug;
		};
		7781CC681BCFB09800E368DF /* Release */ = {
			isa = XCBuildConfiguration;
			buildSettings = {
				BUNDLE_LOADER = "$(TEST_HOST)";
				INFOPLIST_FILE = LSPDemo2Tests/Info.plist;
				LD_RUNPATH_SEARCH_PATHS = "$(inherited) @executable_path/Frameworks @loader_path/Frameworks";
				PRODUCT_BUNDLE_IDENTIFIER = times.ltd.LSPDemo2Tests;
				PRODUCT_NAME = "$(TARGET_NAME)";
				TEST_HOST = "$(BUILT_PRODUCTS_DIR)/LSPDemo2.app/LSPDemo2";
			};
			name = Release;
		};
		7781CC6A1BCFB09800E368DF /* Debug */ = {
			isa = XCBuildConfiguration;
			buildSettings = {
				INFOPLIST_FILE = LSPDemo2UITests/Info.plist;
				LD_RUNPATH_SEARCH_PATHS = "$(inherited) @executable_path/Frameworks @loader_path/Frameworks";
				PRODUCT_BUNDLE_IDENTIFIER = times.ltd.LSPDemo2UITests;
				PRODUCT_NAME = "$(TARGET_NAME)";
				TEST_TARGET_NAME = LSPDemo2;
				USES_XCTRUNNER = YES;
			};
			name = Debug;
		};
		7781CC6B1BCFB09800E368DF /* Release */ = {
			isa = XCBuildConfiguration;
			buildSettings = {
				INFOPLIST_FILE = LSPDemo2UITests/Info.plist;
				LD_RUNPATH_SEARCH_PATHS = "$(inherited) @executable_path/Frameworks @loader_path/Frameworks";
				PRODUCT_BUNDLE_IDENTIFIER = times.ltd.LSPDemo2UITests;
				PRODUCT_NAME = "$(TARGET_NAME)";
				TEST_TARGET_NAME = LSPDemo2;
				USES_XCTRUNNER = YES;
			};
			name = Release;
		};
/* End XCBuildConfiguration section */

/* Begin XCConfigurationList section */
		7781CC311BCFB09700E368DF /* Build configuration list for PBXProject "LSPDemo2" */ = {
			isa = XCConfigurationList;
			buildConfigurations = (
				7781CC611BCFB09800E368DF /* Debug */,
				7781CC621BCFB09800E368DF /* Release */,
			);
			defaultConfigurationIsVisible = 0;
			defaultConfigurationName = Release;
		};
		7781CC631BCFB09800E368DF /* Build configuration list for PBXNativeTarget "LSPDemo2" */ = {
			isa = XCConfigurationList;
			buildConfigurations = (
				7781CC641BCFB09800E368DF /* Debug */,
				7781CC651BCFB09800E368DF /* Release */,
			);
			defaultConfigurationIsVisible = 0;
		};
		7781CC661BCFB09800E368DF /* Build configuration list for PBXNativeTarget "LSPDemo2Tests" */ = {
			isa = XCConfigurationList;
			buildConfigurations = (
				7781CC671BCFB09800E368DF /* Debug */,
				7781CC681BCFB09800E368DF /* Release */,
			);
			defaultConfigurationIsVisible = 0;
		};
		7781CC691BCFB09800E368DF /* Build configuration list for PBXNativeTarget "LSPDemo2UITests" */ = {
			isa = XCConfigurationList;
			buildConfigurations = (
				7781CC6A1BCFB09800E368DF /* Debug */,
				7781CC6B1BCFB09800E368DF /* Release */,
			);
			defaultConfigurationIsVisible = 0;
		};
/* End XCConfigurationList section */
	};
	rootObject = 7781CC2E1BCFB09700E368DF /* Project object */;
}
